
Microsoft Visual Studio Solution File, Format Version 12.00
# Visual Studio Version 17
VisualStudioVersion = 17.7.34003.232
MinimumVisualStudioVersion = 10.0.40219.1
Project("{2150E333-8FDC-42A3-9474-1A3956D46DE8}") = "ChatRoom.API", "ChatRoom.API", "{9C9C6494-860E-402B-9C99-B5542161443A}"
EndProject
Project("{9A19103F-16F7-4668-BE54-9A1E7A4F7556}") = "ChatRoom.API", "ChatRoom.API\ChatRoom.API.csproj", "{8ACC709D-E781-4FEA-93F5-8D03FCFDC6BB}"
EndProject
Project("{E53339B2-1760-4266-BCC7-CA923CBCF16C}") = "docker-compose", "docker-compose.dcproj", "{CA715146-DD21-45A4-9B5E-3E97E45EFBBA}"
EndProject
Global
	GlobalSection(SolutionConfigurationPlatforms) = preSolution
		Debug|Any CPU = Debug|Any CPU
		Release|Any CPU = Release|Any CPU
	EndGlobalSection
	GlobalSection(ProjectConfigurationPlatforms) = postSolution
		{8ACC709D-E781-4FEA-93F5-8D03FCFDC6BB}.Debug|Any CPU.ActiveCfg = Debug|Any CPU
		{8ACC709D-E781-4FEA-93F5-8D03FCFDC6BB}.Debug|Any CPU.Build.0 = Debug|Any CPU
		{8ACC709D-E781-4FEA-93F5-8D03FCFDC6BB}.Release|Any CPU.ActiveCfg = Release|Any CPU
		{8ACC709D-E781-4FEA-93F5-8D03FCFDC6BB}.Release|Any CPU.Build.0 = Release|Any CPU
		{CA715146-DD21-45A4-9B5E-3E97E45EFBBA}.Debug|Any CPU.ActiveCfg = Debug|Any CPU
		{CA715146-DD21-45A4-9B5E-3E97E45EFBBA}.Debug|Any CPU.Build.0 = Debug|Any CPU
		{CA715146-DD21-45A4-9B5E-3E97E45EFBBA}.Release|Any CPU.ActiveCfg = Release|Any CPU
		{CA715146-DD21-45A4-9B5E-3E97E45EFBBA}.Release|Any CPU.Build.0 = Release|Any CPU
	EndGlobalSection
	GlobalSection(SolutionProperties) = preSolution
		HideSolutionNode = FALSE
	EndGlobalSection
	GlobalSection(NestedProjects) = preSolution
		{8ACC709D-E781-4FEA-93F5-8D03FCFDC6BB} = {9C9C6494-860E-402B-9C99-B5542161443A}
	EndGlobalSection
	GlobalSection(ExtensibilityGlobals) = postSolution
		SolutionGuid = {1A8BA530-9377-4E30-9686-57BBC8D03831}
	EndGlobalSection
EndGlobal
